// !$*UTF8*$!
{
	archiveVersion = 1;
	classes = {
	};
	objectVersion = 50;
	objects = {

/* Begin PBXBuildFile section */
		8D0C72C9083CD78AAFD0E59B /* Pods_Enthymit.framework in Frameworks */ = {isa = PBXBuildFile; fileRef = 15B0458C3345418234B7074D /* Pods_Enthymit.framework */; };
		93513351222ECEEA00DFBBDB /* CustomCellClass.swift in Sources */ = {isa = PBXBuildFile; fileRef = 9351334F222ECEEA00DFBBDB /* CustomCellClass.swift */; };
		93513352222ECEEA00DFBBDB /* CustomCell.xib in Resources */ = {isa = PBXBuildFile; fileRef = 93513350222ECEEA00DFBBDB /* CustomCell.xib */; };
		93513355222FF14B00DFBBDB /* LogIn.swift in Sources */ = {isa = PBXBuildFile; fileRef = 93513354222FF14B00DFBBDB /* LogIn.swift */; };
		93782395224951CF001068FE /* SettingsStaticTableViewController.swift in Sources */ = {isa = PBXBuildFile; fileRef = 93782394224951CF001068FE /* SettingsStaticTableViewController.swift */; };
		9383D9152222B7B500C9A310 /* Item.swift in Sources */ = {isa = PBXBuildFile; fileRef = 9383D9142222B7B500C9A310 /* Item.swift */; };
		9383D9172222C4AD00C9A310 /* ItemViewController.swift in Sources */ = {isa = PBXBuildFile; fileRef = 9383D9162222C4AD00C9A310 /* ItemViewController.swift */; };
		938AEA0222117C3A0055BECC /* AppDelegate.swift in Sources */ = {isa = PBXBuildFile; fileRef = 938AEA0122117C3A0055BECC /* AppDelegate.swift */; };
		938AEA0722117C3A0055BECC /* Main.storyboard in Resources */ = {isa = PBXBuildFile; fileRef = 938AEA0522117C3A0055BECC /* Main.storyboard */; };
		938AEA0C22117C3C0055BECC /* Assets.xcassets in Resources */ = {isa = PBXBuildFile; fileRef = 938AEA0B22117C3C0055BECC /* Assets.xcassets */; };
		938AEA0F22117C3C0055BECC /* LaunchScreen.storyboard in Resources */ = {isa = PBXBuildFile; fileRef = 938AEA0D22117C3C0055BECC /* LaunchScreen.storyboard */; };
		93ABCC792231237D00F84BD5 /* InfoViewController.swift in Sources */ = {isa = PBXBuildFile; fileRef = 93ABCC782231237D00F84BD5 /* InfoViewController.swift */; };
		93E8960F221F112E00095923 /* Categories.swift in Sources */ = {isa = PBXBuildFile; fileRef = 93E8960E221F112E00095923 /* Categories.swift */; };
		93E89613221F14E000095923 /* CategoryViewController.swift in Sources */ = {isa = PBXBuildFile; fileRef = 93E89612221F14E000095923 /* CategoryViewController.swift */; };
		93E8961522203BAA00095923 /* MainViewController.swift in Sources */ = {isa = PBXBuildFile; fileRef = 93E8961422203BAA00095923 /* MainViewController.swift */; };
		93E896172220C01500095923 /* Quotes.swift in Sources */ = {isa = PBXBuildFile; fileRef = 93E896162220C01500095923 /* Quotes.swift */; };
/* End PBXBuildFile section */

/* Begin PBXFileReference section */
		15B0458C3345418234B7074D /* Pods_Enthymit.framework */ = {isa = PBXFileReference; explicitFileType = wrapper.framework; includeInIndex = 0; path = Pods_Enthymit.framework; sourceTree = BUILT_PRODUCTS_DIR; };
		702CB66384B06747A4366D1E /* Pods-Enthymit.debug.xcconfig */ = {isa = PBXFileReference; includeInIndex = 1; lastKnownFileType = text.xcconfig; name = "Pods-Enthymit.debug.xcconfig"; path = "Pods/Target Support Files/Pods-Enthymit/Pods-Enthymit.debug.xcconfig"; sourceTree = "<group>"; };
		9351334F222ECEEA00DFBBDB /* CustomCellClass.swift */ = {isa = PBXFileReference; lastKnownFileType = sourcecode.swift; path = CustomCellClass.swift; sourceTree = "<group>"; };
		93513350222ECEEA00DFBBDB /* CustomCell.xib */ = {isa = PBXFileReference; lastKnownFileType = file.xib; path = CustomCell.xib; sourceTree = "<group>"; };
		93513354222FF14B00DFBBDB /* LogIn.swift */ = {isa = PBXFileReference; lastKnownFileType = sourcecode.swift; path = LogIn.swift; sourceTree = "<group>"; };
		93782394224951CF001068FE /* SettingsStaticTableViewController.swift */ = {isa = PBXFileReference; lastKnownFileType = sourcecode.swift; path = SettingsStaticTableViewController.swift; sourceTree = "<group>"; };
		9383D9142222B7B500C9A310 /* Item.swift */ = {isa = PBXFileReference; lastKnownFileType = sourcecode.swift; path = Item.swift; sourceTree = "<group>"; };
		9383D9162222C4AD00C9A310 /* ItemViewController.swift */ = {isa = PBXFileReference; lastKnownFileType = sourcecode.swift; path = ItemViewController.swift; sourceTree = "<group>"; };
		938AE9FE22117C3A0055BECC /* Enthymit.app */ = {isa = PBXFileReference; explicitFileType = wrapper.application; includeInIndex = 0; path = Enthymit.app; sourceTree = BUILT_PRODUCTS_DIR; };
		938AEA0122117C3A0055BECC /* AppDelegate.swift */ = {isa = PBXFileReference; lastKnownFileType = sourcecode.swift; path = AppDelegate.swift; sourceTree = "<group>"; };
		938AEA0622117C3A0055BECC /* Base */ = {isa = PBXFileReference; lastKnownFileType = file.storyboard; name = Base; path = Base.lproj/Main.storyboard; sourceTree = "<group>"; };
		938AEA0B22117C3C0055BECC /* Assets.xcassets */ = {isa = PBXFileReference; lastKnownFileType = folder.assetcatalog; path = Assets.xcassets; sourceTree = "<group>"; };
		938AEA0E22117C3C0055BECC /* Base */ = {isa = PBXFileReference; lastKnownFileType = file.storyboard; name = Base; path = Base.lproj/LaunchScreen.storyboard; sourceTree = "<group>"; };
		938AEA1022117C3C0055BECC /* Info.plist */ = {isa = PBXFileReference; lastKnownFileType = text.plist.xml; path = Info.plist; sourceTree = "<group>"; };
		93ABCC782231237D00F84BD5 /* InfoViewController.swift */ = {isa = PBXFileReference; lastKnownFileType = sourcecode.swift; path = InfoViewController.swift; sourceTree = "<group>"; };
		93E8960E221F112E00095923 /* Categories.swift */ = {isa = PBXFileReference; lastKnownFileType = sourcecode.swift; path = Categories.swift; sourceTree = "<group>"; };
		93E89612221F14E000095923 /* CategoryViewController.swift */ = {isa = PBXFileReference; lastKnownFileType = sourcecode.swift; path = CategoryViewController.swift; sourceTree = "<group>"; };
		93E8961422203BAA00095923 /* MainViewController.swift */ = {isa = PBXFileReference; lastKnownFileType = sourcecode.swift; path = MainViewController.swift; sourceTree = "<group>"; };
		93E896162220C01500095923 /* Quotes.swift */ = {isa = PBXFileReference; lastKnownFileType = sourcecode.swift; path = Quotes.swift; sourceTree = "<group>"; };
		9512EC56982AAF910C5350CB /* Pods-Enthymit.release.xcconfig */ = {isa = PBXFileReference; includeInIndex = 1; lastKnownFileType = text.xcconfig; name = "Pods-Enthymit.release.xcconfig"; path = "Pods/Target Support Files/Pods-Enthymit/Pods-Enthymit.release.xcconfig"; sourceTree = "<group>"; };
/* End PBXFileReference section */

/* Begin PBXFrameworksBuildPhase section */
		938AE9FB22117C3A0055BECC /* Frameworks */ = {
			isa = PBXFrameworksBuildPhase;
			buildActionMask = 2147483647;
			files = (
				8D0C72C9083CD78AAFD0E59B /* Pods_Enthymit.framework in Frameworks */,
			);
			runOnlyForDeploymentPostprocessing = 0;
		};
/* End PBXFrameworksBuildPhase section */

/* Begin PBXGroup section */
		540BAB87633248D0BCEBA34C /* Frameworks */ = {
			isa = PBXGroup;
			children = (
				15B0458C3345418234B7074D /* Pods_Enthymit.framework */,
			);
			name = Frameworks;
			sourceTree = "<group>";
		};
		93513353222ECEF000DFBBDB /* CustomCell */ = {
			isa = PBXGroup;
			children = (
				9351334F222ECEEA00DFBBDB /* CustomCellClass.swift */,
				93513350222ECEEA00DFBBDB /* CustomCell.xib */,
			);
			path = CustomCell;
			sourceTree = "<group>";
		};
		938AE9F522117C3A0055BECC = {
			isa = PBXGroup;
			children = (
				938AEA0022117C3A0055BECC /* Enthymit */,
				938AE9FF22117C3A0055BECC /* Products */,
				CDEE3B3C67D920F4D721A1F7 /* Pods */,
				540BAB87633248D0BCEBA34C /* Frameworks */,
			);
			sourceTree = "<group>";
		};
		938AE9FF22117C3A0055BECC /* Products */ = {
			isa = PBXGroup;
			children = (
				938AE9FE22117C3A0055BECC /* Enthymit.app */,
			);
			name = Products;
			sourceTree = "<group>";
		};
		938AEA0022117C3A0055BECC /* Enthymit */ = {
			isa = PBXGroup;
			children = (
				938AEA0122117C3A0055BECC /* AppDelegate.swift */,
				938AEA18221186C20055BECC /* Controller */,
				938AEA1B221194560055BECC /* Data Model */,
				938AEA16221186880055BECC /* View */,
				938AEA1022117C3C0055BECC /* Info.plist */,
				938AEA0D22117C3C0055BECC /* LaunchScreen.storyboard */,
				938AEA0B22117C3C0055BECC /* Assets.xcassets */,
			);
			path = Enthymit;
			sourceTree = "<group>";
		};
		938AEA16221186880055BECC /* View */ = {
			isa = PBXGroup;
			children = (
				938AEA0522117C3A0055BECC /* Main.storyboard */,
				93513353222ECEF000DFBBDB /* CustomCell */,
			);
			path = View;
			sourceTree = "<group>";
		};
		938AEA18221186C20055BECC /* Controller */ = {
			isa = PBXGroup;
			children = (
				93E8961422203BAA00095923 /* MainViewController.swift */,
				93782394224951CF001068FE /* SettingsStaticTableViewController.swift */,
				93ABCC782231237D00F84BD5 /* InfoViewController.swift */,
				93E89612221F14E000095923 /* CategoryViewController.swift */,
				9383D9162222C4AD00C9A310 /* ItemViewController.swift */,
				93513354222FF14B00DFBBDB /* LogIn.swift */,
			);
			path = Controller;
			sourceTree = "<group>";
		};
		938AEA1B221194560055BECC /* Data Model */ = {
			isa = PBXGroup;
			children = (
				93E896162220C01500095923 /* Quotes.swift */,
				93E8960E221F112E00095923 /* Categories.swift */,
				9383D9142222B7B500C9A310 /* Item.swift */,
			);
			path = "Data Model";
			sourceTree = "<group>";
		};
		CDEE3B3C67D920F4D721A1F7 /* Pods */ = {
			isa = PBXGroup;
			children = (
				702CB66384B06747A4366D1E /* Pods-Enthymit.debug.xcconfig */,
				9512EC56982AAF910C5350CB /* Pods-Enthymit.release.xcconfig */,
			);
			name = Pods;
			sourceTree = "<group>";
		};
/* End PBXGroup section */

/* Begin PBXNativeTarget section */
		938AE9FD22117C3A0055BECC /* Enthymit */ = {
			isa = PBXNativeTarget;
			buildConfigurationList = 938AEA1322117C3C0055BECC /* Build configuration list for PBXNativeTarget "Enthymit" */;
			buildPhases = (
				73685E2A1FE0F40DD7F6BA3F /* [CP] Check Pods Manifest.lock */,
				938AE9FA22117C3A0055BECC /* Sources */,
				938AE9FB22117C3A0055BECC /* Frameworks */,
				938AE9FC22117C3A0055BECC /* Resources */,
				483144F9DD1431266CAB5260 /* [CP] Embed Pods Frameworks */,
			);
			buildRules = (
			);
			dependencies = (
			);
			name = Enthymit;
			productName = Enthymit;
			productReference = 938AE9FE22117C3A0055BECC /* Enthymit.app */;
			productType = "com.apple.product-type.application";
		};
/* End PBXNativeTarget section */

/* Begin PBXProject section */
		938AE9F622117C3A0055BECC /* Project object */ = {
			isa = PBXProject;
			attributes = {
				LastSwiftUpdateCheck = 1010;
				LastUpgradeCheck = 1010;
				ORGANIZATIONNAME = "Constantine Defkalion";
				TargetAttributes = {
					938AE9FD22117C3A0055BECC = {
						CreatedOnToolsVersion = 10.1;
					};
				};
			};
			buildConfigurationList = 938AE9F922117C3A0055BECC /* Build configuration list for PBXProject "Enthymit" */;
			compatibilityVersion = "Xcode 9.3";
			developmentRegion = en;
			hasScannedForEncodings = 0;
			knownRegions = (
				en,
				Base,
			);
			mainGroup = 938AE9F522117C3A0055BECC;
			productRefGroup = 938AE9FF22117C3A0055BECC /* Products */;
			projectDirPath = "";
			projectRoot = "";
			targets = (
				938AE9FD22117C3A0055BECC /* Enthymit */,
			);
		};
/* End PBXProject section */

/* Begin PBXResourcesBuildPhase section */
		938AE9FC22117C3A0055BECC /* Resources */ = {
			isa = PBXResourcesBuildPhase;
			buildActionMask = 2147483647;
			files = (
				938AEA0F22117C3C0055BECC /* LaunchScreen.storyboard in Resources */,
				938AEA0C22117C3C0055BECC /* Assets.xcassets in Resources */,
				93513352222ECEEA00DFBBDB /* CustomCell.xib in Resources */,
				938AEA0722117C3A0055BECC /* Main.storyboard in Resources */,
			);
			runOnlyForDeploymentPostprocessing = 0;
		};
/* End PBXResourcesBuildPhase section */

/* Begin PBXShellScriptBuildPhase section */
		483144F9DD1431266CAB5260 /* [CP] Embed Pods Frameworks */ = {
			isa = PBXShellScriptBuildPhase;
			buildActionMask = 2147483647;
			files = (
			);
			inputPaths = (
				"${SRCROOT}/Pods/Target Support Files/Pods-Enthymit/Pods-Enthymit-frameworks.sh",
				"${BUILT_PRODUCTS_DIR}/Realm/Realm.framework",
				"${BUILT_PRODUCTS_DIR}/RealmSwift/RealmSwift.framework",
				"${BUILT_PRODUCTS_DIR}/SwipeCellKit/SwipeCellKit.framework",
			);
			name = "[CP] Embed Pods Frameworks";
			outputPaths = (
				"${TARGET_BUILD_DIR}/${FRAMEWORKS_FOLDER_PATH}/Realm.framework",
				"${TARGET_BUILD_DIR}/${FRAMEWORKS_FOLDER_PATH}/RealmSwift.framework",
				"${TARGET_BUILD_DIR}/${FRAMEWORKS_FOLDER_PATH}/SwipeCellKit.framework",
			);
			runOnlyForDeploymentPostprocessing = 0;
			shellPath = /bin/sh;
			shellScript = "\"${SRCROOT}/Pods/Target Support Files/Pods-Enthymit/Pods-Enthymit-frameworks.sh\"\n";
			showEnvVarsInLog = 0;
		};
		73685E2A1FE0F40DD7F6BA3F /* [CP] Check Pods Manifest.lock */ = {
			isa = PBXShellScriptBuildPhase;
			buildActionMask = 2147483647;
			files = (
			);
			inputPaths = (
				"${PODS_PODFILE_DIR_PATH}/Podfile.lock",
				"${PODS_ROOT}/Manifest.lock",
			);
			name = "[CP] Check Pods Manifest.lock";
			outputPaths = (
				"$(DERIVED_FILE_DIR)/Pods-Enthymit-checkManifestLockResult.txt",
			);
			runOnlyForDeploymentPostprocessing = 0;
			shellPath = /bin/sh;
			shellScript = "diff \"${PODS_PODFILE_DIR_PATH}/Podfile.lock\" \"${PODS_ROOT}/Manifest.lock\" > /dev/null\nif [ $? != 0 ] ; then\n    # print error to STDERR\n    echo \"error: The sandbox is not in sync with the Podfile.lock. Run 'pod install' or update your CocoaPods installation.\" >&2\n    exit 1\nfi\n# This output is used by Xcode 'outputs' to avoid re-running this script phase.\necho \"SUCCESS\" > \"${SCRIPT_OUTPUT_FILE_0}\"\n";
			showEnvVarsInLog = 0;
		};
/* End PBXShellScriptBuildPhase section */

/* Begin PBXSourcesBuildPhase section */
		938AE9FA22117C3A0055BECC /* Sources */ = {
			isa = PBXSourcesBuildPhase;
			buildActionMask = 2147483647;
			files = (
				93E89613221F14E000095923 /* CategoryViewController.swift in Sources */,
				93ABCC792231237D00F84BD5 /* InfoViewController.swift in Sources */,
				938AEA0222117C3A0055BECC /* AppDelegate.swift in Sources */,
				93782395224951CF001068FE /* SettingsStaticTableViewController.swift in Sources */,
				9383D9152222B7B500C9A310 /* Item.swift in Sources */,
				93E896172220C01500095923 /* Quotes.swift in Sources */,
				93E8960F221F112E00095923 /* Categories.swift in Sources */,
				93E8961522203BAA00095923 /* MainViewController.swift in Sources */,
				93513351222ECEEA00DFBBDB /* CustomCellClass.swift in Sources */,
				93513355222FF14B00DFBBDB /* LogIn.swift in Sources */,
				9383D9172222C4AD00C9A310 /* ItemViewController.swift in Sources */,
			);
			runOnlyForDeploymentPostprocessing = 0;
		};
/* End PBXSourcesBuildPhase section */

/* Begin PBXVariantGroup section */
		938AEA0522117C3A0055BECC /* Main.storyboard */ = {
			isa = PBXVariantGroup;
			children = (
				938AEA0622117C3A0055BECC /* Base */,
			);
			name = Main.storyboard;
			sourceTree = "<group>";
		};
		938AEA0D22117C3C0055BECC /* LaunchScreen.storyboard */ = {
			isa = PBXVariantGroup;
			children = (
				938AEA0E22117C3C0055BECC /* Base */,
			);
			name = LaunchScreen.storyboard;
			sourceTree = "<group>";
		};
/* End PBXVariantGroup section */

/* Begin XCBuildConfiguration section */
		938AEA1122117C3C0055BECC /* Debug */ = {
			isa = XCBuildConfiguration;
			buildSettings = {
				ALWAYS_SEARCH_USER_PATHS = NO;
				CLANG_ANALYZER_NONNULL = YES;
				CLANG_ANALYZER_NUMBER_OBJECT_CONVERSION = YES_AGGRESSIVE;
				CLANG_CXX_LANGUAGE_STANDARD = "gnu++14";
				CLANG_CXX_LIBRARY = "libc++";
				CLANG_ENABLE_MODULES = YES;
				CLANG_ENABLE_OBJC_ARC = YES;
				CLANG_ENABLE_OBJC_WEAK = YES;
				CLANG_WARN_BLOCK_CAPTURE_AUTORELEASING = YES;
				CLANG_WARN_BOOL_CONVERSION = YES;
				CLANG_WARN_COMMA = YES;
				CLANG_WARN_CONSTANT_CONVERSION = YES;
				CLANG_WARN_DEPRECATED_OBJC_IMPLEMENTATIONS = YES;
				CLANG_WARN_DIRECT_OBJC_ISA_USAGE = YES_ERROR;
				CLANG_WARN_DOCUMENTATION_COMMENTS = YES;
				CLANG_WARN_EMPTY_BODY = YES;
				CLANG_WARN_ENUM_CONVERSION = YES;
				CLANG_WARN_INFINITE_RECURSION = YES;
				CLANG_WARN_INT_CONVERSION = YES;
				CLANG_WARN_NON_LITERAL_NULL_CONVERSION = YES;
				CLANG_WARN_OBJC_IMPLICIT_RETAIN_SELF = YES;
				CLANG_WARN_OBJC_LITERAL_CONVERSION = YES;
				CLANG_WARN_OBJC_ROOT_CLASS = YES_ERROR;
				CLANG_WARN_RANGE_LOOP_ANALYSIS = YES;
				CLANG_WARN_STRICT_PROTOTYPES = YES;
				CLANG_WARN_SUSPICIOUS_MOVE = YES;
				CLANG_WARN_UNGUARDED_AVAILABILITY = YES_AGGRESSIVE;
				CLANG_WARN_UNREACHABLE_CODE = YES;
				CLANG_WARN__DUPLICATE_METHOD_MATCH = YES;
				CODE_SIGN_IDENTITY = "iPhone Developer";
				COPY_PHASE_STRIP = NO;
				DEBUG_INFORMATION_FORMAT = dwarf;
				ENABLE_STRICT_OBJC_MSGSEND = YES;
				ENABLE_TESTABILITY = YES;
				GCC_C_LANGUAGE_STANDARD = gnu11;
				GCC_DYNAMIC_NO_PIC = NO;
				GCC_NO_COMMON_BLOCKS = YES;
				GCC_OPTIMIZATION_LEVEL = 0;
				GCC_PREPROCESSOR_DEFINITIONS = (
					"DEBUG=1",
					"$(inherited)",
				);
				GCC_WARN_64_TO_32_BIT_CONVERSION = YES;
				GCC_WARN_ABOUT_RETURN_TYPE = YES_ERROR;
				GCC_WARN_UNDECLARED_SELECTOR = YES;
				GCC_WARN_UNINITIALIZED_AUTOS = YES_AGGRESSIVE;
				GCC_WARN_UNUSED_FUNCTION = YES;
				GCC_WARN_UNUSED_VARIABLE = YES;
				IPHONEOS_DEPLOYMENT_TARGET = 12.1;
				MTL_ENABLE_DEBUG_INFO = INCLUDE_SOURCE;
				MTL_FAST_MATH = YES;
				ONLY_ACTIVE_ARCH = YES;
				SDKROOT = iphoneos;
				SWIFT_ACTIVE_COMPILATION_CONDITIONS = DEBUG;
				SWIFT_OPTIMIZATION_LEVEL = "-Onone";
			};
			name = Debug;
		};
		938AEA1222117C3C0055BECC /* Release */ = {
			isa = XCBuildConfiguration;
			buildSettings = {
				ALWAYS_SEARCH_USER_PATHS = NO;
				CLANG_ANALYZER_NONNULL = YES;
				CLANG_ANALYZER_NUMBER_OBJECT_CONVERSION = YES_AGGRESSIVE;
				CLANG_CXX_LANGUAGE_STANDARD = "gnu++14";
				CLANG_CXX_LIBRARY = "libc++";
				CLANG_ENABLE_MODULES = YES;
				CLANG_ENABLE_OBJC_ARC = YES;
				CLANG_ENABLE_OBJC_WEAK = YES;
				CLANG_WARN_BLOCK_CAPTURE_AUTORELEASING = YES;
				CLANG_WARN_BOOL_CONVERSION = YES;
				CLANG_WARN_COMMA = YES;
				CLANG_WARN_CONSTANT_CONVERSION = YES;
				CLANG_WARN_DEPRECATED_OBJC_IMPLEMENTATIONS = YES;
				CLANG_WARN_DIRECT_OBJC_ISA_USAGE = YES_ERROR;
				CLANG_WARN_DOCUMENTATION_COMMENTS = YES;
				CLANG_WARN_EMPTY_BODY = YES;
				CLANG_WARN_ENUM_CONVERSION = YES;
				CLANG_WARN_INFINITE_RECURSION = YES;
				CLANG_WARN_INT_CONVERSION = YES;
				CLANG_WARN_NON_LITERAL_NULL_CONVERSION = YES;
				CLANG_WARN_OBJC_IMPLICIT_RETAIN_SELF = YES;
				CLANG_WARN_OBJC_LITERAL_CONVERSION = YES;
				CLANG_WARN_OBJC_ROOT_CLASS = YES_ERROR;
				CLANG_WARN_RANGE_LOOP_ANALYSIS = YES;
				CLANG_WARN_STRICT_PROTOTYPES = YES;
				CLANG_WARN_SUSPICIOUS_MOVE = YES;
				CLANG_WARN_UNGUARDED_AVAILABILITY = YES_AGGRESSIVE;
				CLANG_WARN_UNREACHABLE_CODE = YES;
				CLANG_WARN__DUPLICATE_METHOD_MATCH = YES;
				CODE_SIGN_IDENTITY = "iPhone Developer";
				COPY_PHASE_STRIP = NO;
				DEBUG_INFORMATION_FORMAT = "dwarf-with-dsym";
				ENABLE_NS_ASSERTIONS = NO;
				ENABLE_STRICT_OBJC_MSGSEND = YES;
				GCC_C_LANGUAGE_STANDARD = gnu11;
				GCC_NO_COMMON_BLOCKS = YES;
				GCC_WARN_64_TO_32_BIT_CONVERSION = YES;
				GCC_WARN_ABOUT_RETURN_TYPE = YES_ERROR;
				GCC_WARN_UNDECLARED_SELECTOR = YES;
				GCC_WARN_UNINITIALIZED_AUTOS = YES_AGGRESSIVE;
				GCC_WARN_UNUSED_FUNCTION = YES;
				GCC_WARN_UNUSED_VARIABLE = YES;
				IPHONEOS_DEPLOYMENT_TARGET = 12.1;
				MTL_ENABLE_DEBUG_INFO = NO;
				MTL_FAST_MATH = YES;
				SDKROOT = iphoneos;
				SWIFT_COMPILATION_MODE = wholemodule;
				SWIFT_OPTIMIZATION_LEVEL = "-O";
				VALIDATE_PRODUCT = YES;
			};
			name = Release;
		};
		938AEA1422117C3C0055BECC /* Debug */ = {
			isa = XCBuildConfiguration;
			baseConfigurationReference = 702CB66384B06747A4366D1E /* Pods-Enthymit.debug.xcconfig */;
			buildSettings = {
				ASSETCATALOG_COMPILER_APPICON_NAME = AppIcon;
				CODE_SIGN_STYLE = Automatic;
				DEVELOPMENT_TEAM = 4CJ23MMBG8;
				INFOPLIST_FILE = Enthymit/Info.plist;
				IPHONEOS_DEPLOYMENT_TARGET = 12.1;
				LD_RUNPATH_SEARCH_PATHS = (
					"$(inherited)",
					"@executable_path/Frameworks",
				);
				PRODUCT_BUNDLE_IDENTIFIER = com.constantinedefkalion.Enthymit;
				PRODUCT_NAME = "$(TARGET_NAME)";
				SWIFT_VERSION = 4.2;
				TARGETED_DEVICE_FAMILY = 1;
			};
			name = Debug;
		};
		938AEA1522117C3C0055BECC /* Release */ = {
			isa = XCBuildConfiguration;
			baseConfigurationReference = 9512EC56982AAF910C5350CB /* Pods-Enthymit.release.xcconfig */;
			buildSettings = {
				ASSETCATALOG_COMPILER_APPICON_NAME = AppIcon;
				CODE_SIGN_STYLE = Automatic;
				DEVELOPMENT_TEAM = 4CJ23MMBG8;
				INFOPLIST_FILE = Enthymit/Info.plist;
				IPHONEOS_DEPLOYMENT_TARGET = 12.1;
				LD_RUNPATH_SEARCH_PATHS = (
					"$(inherited)",
					"@executable_path/Frameworks",
				);
				PRODUCT_BUNDLE_IDENTIFIER = com.constantinedefkalion.Enthymit;
				PRODUCT_NAME = "$(TARGET_NAME)";
				SWIFT_VERSION = 4.2;
				TARGETED_DEVICE_FAMILY = 1;
			};
			name = Release;
		};
/* End XCBuildConfiguration section */

/* Begin XCConfigurationList section */
		938AE9F922117C3A0055BECC /* Build configuration list for PBXProject "Enthymit" */ = {
			isa = XCConfigurationList;
			buildConfigurations = (
				938AEA1122117C3C0055BECC /* Debug */,
				938AEA1222117C3C0055BECC /* Release */,
			);
			defaultConfigurationIsVisible = 0;
			defaultConfigurationName = Release;
		};
		938AEA1322117C3C0055BECC /* Build configuration list for PBXNativeTarget "Enthymit" */ = {
			isa = XCConfigurationList;
			buildConfigurations = (
				938AEA1422117C3C0055BECC /* Debug */,
				938AEA1522117C3C0055BECC /* Release */,
			);
			defaultConfigurationIsVisible = 0;
			defaultConfigurationName = Release;
		};
/* End XCConfigurationList section */
	};
	rootObject = 938AE9F622117C3A0055BECC /* Project object */;
}
